
Microsoft Visual Studio Solution File, Format Version 12.00
# Visual Studio Version 16
VisualStudioVersion = 16.0.32228.343
MinimumVisualStudioVersion = 10.0.40219.1
Project("{888888A0-9F3D-457C-B088-3A5042F75D52}") = "TEST", "TEST.pyproj", "{DF53AB57-2A88-4327-8F7D-CCA23A8AE5A0}"
EndProject
Global
	GlobalSection(SolutionConfigurationPlatforms) = preSolution
		Debug|Any CPU = Debug|Any CPU
		Release|Any CPU = Release|Any CPU
	EndGlobalSection
	GlobalSection(ProjectConfigurationPlatforms) = postSolution
		{DF53AB57-2A88-4327-8F7D-CCA23A8AE5A0}.Debug|Any CPU.ActiveCfg = Debug|Any CPU
		{DF53AB57-2A88-4327-8F7D-CCA23A8AE5A0}.Release|Any CPU.ActiveCfg = Release|Any CPU
	EndGlobalSection
	GlobalSection(SolutionProperties) = preSolution
		HideSolutionNode = FALSE
	EndGlobalSection
	GlobalSection(ExtensibilityGlobals) = postSolution
		SolutionGuid = {53B7AFA1-89CE-4445-A9E5-4CC33EF2D857}
	EndGlobalSection
EndGlobal
